// !$*UTF8*$!
{
	archiveVersion = 1;
	classes = {
	};
	objectVersion = 50;
	objects = {

/* Begin PBXBuildFile section */
		13896BF5211CA71200800877 /* AppDelegate.swift in Sources */ = {isa = PBXBuildFile; fileRef = 13896BF4211CA71200800877 /* AppDelegate.swift */; };
		13896BFA211CA71200800877 /* Main.storyboard in Resources */ = {isa = PBXBuildFile; fileRef = 13896BF8211CA71200800877 /* Main.storyboard */; };
		13896BFC211CA71300800877 /* Assets.xcassets in Resources */ = {isa = PBXBuildFile; fileRef = 13896BFB211CA71300800877 /* Assets.xcassets */; };
		13896BFF211CA71300800877 /* LaunchScreen.storyboard in Resources */ = {isa = PBXBuildFile; fileRef = 13896BFD211CA71300800877 /* LaunchScreen.storyboard */; };
		13896C0A211CAE5400800877 /* EntriesTableViewController.swift in Sources */ = {isa = PBXBuildFile; fileRef = 13896C09211CAE5400800877 /* EntriesTableViewController.swift */; };
		13896C0C211CB22900800877 /* EntryTableViewCell.swift in Sources */ = {isa = PBXBuildFile; fileRef = 13896C0B211CB22900800877 /* EntryTableViewCell.swift */; };
		13896C0F211CB5B800800877 /* EntryDetailViewController.swift in Sources */ = {isa = PBXBuildFile; fileRef = 13896C0E211CB5B800800877 /* EntryDetailViewController.swift */; };
/* End PBXBuildFile section */

/* Begin PBXFileReference section */
		13896BF1211CA71200800877 /* ios-journal-rest.app */ = {isa = PBXFileReference; explicitFileType = wrapper.application; includeInIndex = 0; path = "ios-journal-rest.app"; sourceTree = BUILT_PRODUCTS_DIR; };
		13896BF4211CA71200800877 /* AppDelegate.swift */ = {isa = PBXFileReference; lastKnownFileType = sourcecode.swift; path = AppDelegate.swift; sourceTree = "<group>"; };
		13896BF9211CA71200800877 /* Base */ = {isa = PBXFileReference; lastKnownFileType = file.storyboard; name = Base; path = Base.lproj/Main.storyboard; sourceTree = "<group>"; };
		13896BFB211CA71300800877 /* Assets.xcassets */ = {isa = PBXFileReference; lastKnownFileType = folder.assetcatalog; path = Assets.xcassets; sourceTree = "<group>"; };
		13896BFE211CA71300800877 /* Base */ = {isa = PBXFileReference; lastKnownFileType = file.storyboard; name = Base; path = Base.lproj/LaunchScreen.storyboard; sourceTree = "<group>"; };
		13896C00211CA71300800877 /* Info.plist */ = {isa = PBXFileReference; lastKnownFileType = text.plist.xml; path = Info.plist; sourceTree = "<group>"; };
		13896C09211CAE5400800877 /* EntriesTableViewController.swift */ = {isa = PBXFileReference; lastKnownFileType = sourcecode.swift; path = EntriesTableViewController.swift; sourceTree = "<group>"; };
		13896C0B211CB22900800877 /* EntryTableViewCell.swift */ = {isa = PBXFileReference; lastKnownFileType = sourcecode.swift; path = EntryTableViewCell.swift; sourceTree = "<group>"; };
		13896C0E211CB5B800800877 /* EntryDetailViewController.swift */ = {isa = PBXFileReference; lastKnownFileType = sourcecode.swift; path = EntryDetailViewController.swift; sourceTree = "<group>"; };
/* End PBXFileReference section */

/* Begin PBXFrameworksBuildPhase section */
		13896BEE211CA71200800877 /* Frameworks */ = {
			isa = PBXFrameworksBuildPhase;
			buildActionMask = 2147483647;
			files = (
			);
			runOnlyForDeploymentPostprocessing = 0;
		};
/* End PBXFrameworksBuildPhase section */

/* Begin PBXGroup section */
		13896BE8211CA71200800877 = {
			isa = PBXGroup;
			children = (
				13896BF3211CA71200800877 /* ios-journal-rest */,
				13896BF2211CA71200800877 /* Products */,
			);
			sourceTree = "<group>";
		};
		13896BF2211CA71200800877 /* Products */ = {
			isa = PBXGroup;
			children = (
				13896BF1211CA71200800877 /* ios-journal-rest.app */,
			);
			name = Products;
			sourceTree = "<group>";
		};
		13896BF3211CA71200800877 /* ios-journal-rest */ = {
			isa = PBXGroup;
			children = (
				13896C08211CADC200800877 /* Models */,
				13896C07211CADBD00800877 /* Model Controllers */,
				13896C06211CADB100800877 /* View Controllers */,
				13896C0D211CB24600800877 /* Views */,
				13896BF4211CA71200800877 /* AppDelegate.swift */,
				13896BF8211CA71200800877 /* Main.storyboard */,
				13896BFB211CA71300800877 /* Assets.xcassets */,
				13896BFD211CA71300800877 /* LaunchScreen.storyboard */,
				13896C00211CA71300800877 /* Info.plist */,
			);
			path = "ios-journal-rest";
			sourceTree = "<group>";
		};
		13896C06211CADB100800877 /* View Controllers */ = {
			isa = PBXGroup;
			children = (
				13896C09211CAE5400800877 /* EntriesTableViewController.swift */,
				13896C0E211CB5B800800877 /* EntryDetailViewController.swift */,
			);
			path = "View Controllers";
			sourceTree = "<group>";
		};
		13896C07211CADBD00800877 /* Model Controllers */ = {
			isa = PBXGroup;
			children = (
			);
			path = "Model Controllers";
			sourceTree = "<group>";
		};
		13896C08211CADC200800877 /* Models */ = {
			isa = PBXGroup;
			children = (
			);
			path = Models;
			sourceTree = "<group>";
		};
		13896C0D211CB24600800877 /* Views */ = {
			isa = PBXGroup;
			children = (
				13896C0B211CB22900800877 /* EntryTableViewCell.swift */,
			);
			path = Views;
			sourceTree = "<group>";
		};
/* End PBXGroup section */

/* Begin PBXNativeTarget section */
		13896BF0211CA71200800877 /* ios-journal-rest */ = {
			isa = PBXNativeTarget;
			buildConfigurationList = 13896C03211CA71300800877 /* Build configuration list for PBXNativeTarget "ios-journal-rest" */;
			buildPhases = (
				13896BED211CA71200800877 /* Sources */,
				13896BEE211CA71200800877 /* Frameworks */,
				13896BEF211CA71200800877 /* Resources */,
			);
			buildRules = (
			);
			dependencies = (
			);
			name = "ios-journal-rest";
			productName = "ios-journal-rest";
			productReference = 13896BF1211CA71200800877 /* ios-journal-rest.app */;
			productType = "com.apple.product-type.application";
		};
/* End PBXNativeTarget section */

/* Begin PBXProject section */
		13896BE9211CA71200800877 /* Project object */ = {
			isa = PBXProject;
			attributes = {
				LastSwiftUpdateCheck = 1000;
				LastUpgradeCheck = 1000;
				ORGANIZATIONNAME = Conner;
				TargetAttributes = {
					13896BF0211CA71200800877 = {
						CreatedOnToolsVersion = 10.0;
					};
				};
			};
			buildConfigurationList = 13896BEC211CA71200800877 /* Build configuration list for PBXProject "ios-journal-rest" */;
			compatibilityVersion = "Xcode 9.3";
			developmentRegion = en;
			hasScannedForEncodings = 0;
			knownRegions = (
				en,
				Base,
			);
			mainGroup = 13896BE8211CA71200800877;
			productRefGroup = 13896BF2211CA71200800877 /* Products */;
			projectDirPath = "";
			projectRoot = "";
			targets = (
				13896BF0211CA71200800877 /* ios-journal-rest */,
			);
		};
/* End PBXProject section */

/* Begin PBXResourcesBuildPhase section */
		13896BEF211CA71200800877 /* Resources */ = {
			isa = PBXResourcesBuildPhase;
			buildActionMask = 2147483647;
			files = (
				13896BFF211CA71300800877 /* LaunchScreen.storyboard in Resources */,
				13896BFC211CA71300800877 /* Assets.xcassets in Resources */,
				13896BFA211CA71200800877 /* Main.storyboard in Resources */,
			);
			runOnlyForDeploymentPostprocessing = 0;
		};
/* End PBXResourcesBuildPhase section */

/* Begin PBXSourcesBuildPhase section */
		13896BED211CA71200800877 /* Sources */ = {
			isa = PBXSourcesBuildPhase;
			buildActionMask = 2147483647;
			files = (
				13896C0C211CB22900800877 /* EntryTableViewCell.swift in Sources */,
				13896C0A211CAE5400800877 /* EntriesTableViewController.swift in Sources */,
				13896C0F211CB5B800800877 /* EntryDetailViewController.swift in Sources */,
				13896BF5211CA71200800877 /* AppDelegate.swift in Sources */,
			);
			runOnlyForDeploymentPostprocessing = 0;
		};
/* End PBXSourcesBuildPhase section */

/* Begin PBXVariantGroup section */
		13896BF8211CA71200800877 /* Main.storyboard */ = {
			isa = PBXVariantGroup;
			children = (
				13896BF9211CA71200800877 /* Base */,
			);
			name = Main.storyboard;
			sourceTree = "<group>";
		};
		13896BFD211CA71300800877 /* LaunchScreen.storyboard */ = {
			isa = PBXVariantGroup;
			children = (
				13896BFE211CA71300800877 /* Base */,
			);
			name = LaunchScreen.storyboard;
			sourceTree = "<group>";
		};
/* End PBXVariantGroup section */

/* Begin XCBuildConfiguration section */
		13896C01211CA71300800877 /* Debug */ = {
			isa = XCBuildConfiguration;
			buildSettings = {
				ALWAYS_SEARCH_USER_PATHS = NO;
				CLANG_ANALYZER_NONNULL = YES;
				CLANG_ANALYZER_NUMBER_OBJECT_CONVERSION = YES_AGGRESSIVE;
				CLANG_CXX_LANGUAGE_STANDARD = "gnu++14";
				CLANG_CXX_LIBRARY = "libc++";
				CLANG_ENABLE_MODULES = YES;
				CLANG_ENABLE_OBJC_ARC = YES;
				CLANG_ENABLE_OBJC_WEAK = YES;
				CLANG_WARN_BLOCK_CAPTURE_AUTORELEASING = YES;
				CLANG_WARN_BOOL_CONVERSION = YES;
				CLANG_WARN_COMMA = YES;
				CLANG_WARN_CONSTANT_CONVERSION = YES;
				CLANG_WARN_DEPRECATED_OBJC_IMPLEMENTATIONS = YES;
				CLANG_WARN_DIRECT_OBJC_ISA_USAGE = YES_ERROR;
				CLANG_WARN_DOCUMENTATION_COMMENTS = YES;
				CLANG_WARN_EMPTY_BODY = YES;
				CLANG_WARN_ENUM_CONVERSION = YES;
				CLANG_WARN_INFINITE_RECURSION = YES;
				CLANG_WARN_INT_CONVERSION = YES;
				CLANG_WARN_NON_LITERAL_NULL_CONVERSION = YES;
				CLANG_WARN_OBJC_IMPLICIT_RETAIN_SELF = YES;
				CLANG_WARN_OBJC_LITERAL_CONVERSION = YES;
				CLANG_WARN_OBJC_ROOT_CLASS = YES_ERROR;
				CLANG_WARN_RANGE_LOOP_ANALYSIS = YES;
				CLANG_WARN_STRICT_PROTOTYPES = YES;
				CLANG_WARN_SUSPICIOUS_MOVE = YES;
				CLANG_WARN_UNGUARDED_AVAILABILITY = YES_AGGRESSIVE;
				CLANG_WARN_UNREACHABLE_CODE = YES;
				CLANG_WARN__DUPLICATE_METHOD_MATCH = YES;
				CODE_SIGN_IDENTITY = "iPhone Developer";
				COPY_PHASE_STRIP = NO;
				DEBUG_INFORMATION_FORMAT = dwarf;
				ENABLE_STRICT_OBJC_MSGSEND = YES;
				ENABLE_TESTABILITY = YES;
				GCC_C_LANGUAGE_STANDARD = gnu11;
				GCC_DYNAMIC_NO_PIC = NO;
				GCC_NO_COMMON_BLOCKS = YES;
				GCC_OPTIMIZATION_LEVEL = 0;
				GCC_PREPROCESSOR_DEFINITIONS = (
					"DEBUG=1",
					"$(inherited)",
				);
				GCC_WARN_64_TO_32_BIT_CONVERSION = YES;
				GCC_WARN_ABOUT_RETURN_TYPE = YES_ERROR;
				GCC_WARN_UNDECLARED_SELECTOR = YES;
				GCC_WARN_UNINITIALIZED_AUTOS = YES_AGGRESSIVE;
				GCC_WARN_UNUSED_FUNCTION = YES;
				GCC_WARN_UNUSED_VARIABLE = YES;
				IPHONEOS_DEPLOYMENT_TARGET = 11.4;
				MTL_ENABLE_DEBUG_INFO = INCLUDE_SOURCE;
				MTL_FAST_MATH = YES;
				ONLY_ACTIVE_ARCH = YES;
				SDKROOT = iphoneos;
				SWIFT_ACTIVE_COMPILATION_CONDITIONS = DEBUG;
				SWIFT_OPTIMIZATION_LEVEL = "-Onone";
			};
			name = Debug;
		};
		13896C02211CA71300800877 /* Release */ = {
			isa = XCBuildConfiguration;
			buildSettings = {
				ALWAYS_SEARCH_USER_PATHS = NO;
				CLANG_ANALYZER_NONNULL = YES;
				CLANG_ANALYZER_NUMBER_OBJECT_CONVERSION = YES_AGGRESSIVE;
				CLANG_CXX_LANGUAGE_STANDARD = "gnu++14";
				CLANG_CXX_LIBRARY = "libc++";
				CLANG_ENABLE_MODULES = YES;
				CLANG_ENABLE_OBJC_ARC = YES;
				CLANG_ENABLE_OBJC_WEAK = YES;
				CLANG_WARN_BLOCK_CAPTURE_AUTORELEASING = YES;
				CLANG_WARN_BOOL_CONVERSION = YES;
				CLANG_WARN_COMMA = YES;
				CLANG_WARN_CONSTANT_CONVERSION = YES;
				CLANG_WARN_DEPRECATED_OBJC_IMPLEMENTATIONS = YES;
				CLANG_WARN_DIRECT_OBJC_ISA_USAGE = YES_ERROR;
				CLANG_WARN_DOCUMENTATION_COMMENTS = YES;
				CLANG_WARN_EMPTY_BODY = YES;
				CLANG_WARN_ENUM_CONVERSION = YES;
				CLANG_WARN_INFINITE_RECURSION = YES;
				CLANG_WARN_INT_CONVERSION = YES;
				CLANG_WARN_NON_LITERAL_NULL_CONVERSION = YES;
				CLANG_WARN_OBJC_IMPLICIT_RETAIN_SELF = YES;
				CLANG_WARN_OBJC_LITERAL_CONVERSION = YES;
				CLANG_WARN_OBJC_ROOT_CLASS = YES_ERROR;
				CLANG_WARN_RANGE_LOOP_ANALYSIS = YES;
				CLANG_WARN_STRICT_PROTOTYPES = YES;
				CLANG_WARN_SUSPICIOUS_MOVE = YES;
				CLANG_WARN_UNGUARDED_AVAILABILITY = YES_AGGRESSIVE;
				CLANG_WARN_UNREACHABLE_CODE = YES;
				CLANG_WARN__DUPLICATE_METHOD_MATCH = YES;
				CODE_SIGN_IDENTITY = "iPhone Developer";
				COPY_PHASE_STRIP = NO;
				DEBUG_INFORMATION_FORMAT = "dwarf-with-dsym";
				ENABLE_NS_ASSERTIONS = NO;
				ENABLE_STRICT_OBJC_MSGSEND = YES;
				GCC_C_LANGUAGE_STANDARD = gnu11;
				GCC_NO_COMMON_BLOCKS = YES;
				GCC_WARN_64_TO_32_BIT_CONVERSION = YES;
				GCC_WARN_ABOUT_RETURN_TYPE = YES_ERROR;
				GCC_WARN_UNDECLARED_SELECTOR = YES;
				GCC_WARN_UNINITIALIZED_AUTOS = YES_AGGRESSIVE;
				GCC_WARN_UNUSED_FUNCTION = YES;
				GCC_WARN_UNUSED_VARIABLE = YES;
				IPHONEOS_DEPLOYMENT_TARGET = 11.4;
				MTL_ENABLE_DEBUG_INFO = NO;
				MTL_FAST_MATH = YES;
				SDKROOT = iphoneos;
				SWIFT_COMPILATION_MODE = wholemodule;
				SWIFT_OPTIMIZATION_LEVEL = "-O";
				VALIDATE_PRODUCT = YES;
			};
			name = Release;
		};
		13896C04211CA71300800877 /* Debug */ = {
			isa = XCBuildConfiguration;
			buildSettings = {
				ASSETCATALOG_COMPILER_APPICON_NAME = AppIcon;
				CODE_SIGN_STYLE = Automatic;
				INFOPLIST_FILE = "ios-journal-rest/Info.plist";
				IPHONEOS_DEPLOYMENT_TARGET = 11.4;
				LD_RUNPATH_SEARCH_PATHS = (
					"$(inherited)",
					"@executable_path/Frameworks",
				);
				PRODUCT_BUNDLE_IDENTIFIER = "Conner.Lambda.ios-journal-rest";
				PRODUCT_NAME = "$(TARGET_NAME)";
				SWIFT_VERSION = 4.2;
				TARGETED_DEVICE_FAMILY = "1,2";
			};
			name = Debug;
		};
		13896C05211CA71300800877 /* Release */ = {
			isa = XCBuildConfiguration;
			buildSettings = {
				ASSETCATALOG_COMPILER_APPICON_NAME = AppIcon;
				CODE_SIGN_STYLE = Automatic;
				INFOPLIST_FILE = "ios-journal-rest/Info.plist";
				IPHONEOS_DEPLOYMENT_TARGET = 11.4;
				LD_RUNPATH_SEARCH_PATHS = (
					"$(inherited)",
					"@executable_path/Frameworks",
				);
				PRODUCT_BUNDLE_IDENTIFIER = "Conner.Lambda.ios-journal-rest";
				PRODUCT_NAME = "$(TARGET_NAME)";
				SWIFT_VERSION = 4.2;
				TARGETED_DEVICE_FAMILY = "1,2";
			};
			name = Release;
		};
/* End XCBuildConfiguration section */

/* Begin XCConfigurationList section */
		13896BEC211CA71200800877 /* Build configuration list for PBXProject "ios-journal-rest" */ = {
			isa = XCConfigurationList;
			buildConfigurations = (
				13896C01211CA71300800877 /* Debug */,
				13896C02211CA71300800877 /* Release */,
			);
			defaultConfigurationIsVisible = 0;
			defaultConfigurationName = Release;
		};
		13896C03211CA71300800877 /* Build configuration list for PBXNativeTarget "ios-journal-rest" */ = {
			isa = XCConfigurationList;
			buildConfigurations = (
				13896C04211CA71300800877 /* Debug */,
				13896C05211CA71300800877 /* Release */,
			);
			defaultConfigurationIsVisible = 0;
			defaultConfigurationName = Release;
		};
/* End XCConfigurationList section */
	};
	rootObject = 13896BE9211CA71200800877 /* Project object */;
}
